
Microsoft Visual Studio Solution File, Format Version 12.00
# Visual Studio Version 17
VisualStudioVersion = 17.8.34408.163
MinimumVisualStudioVersion = 10.0.40219.1
Project("{9A19103F-16F7-4668-BE54-9A1E7A4F7556}") = "PrivateProxy.Generator", "PrivateProxy.Generator.csproj", "{E82CA505-FB1D-4F48-8F54-936DA7D06D39}"
EndProject
Global
	GlobalSection(SolutionConfigurationPlatforms) = preSolution
		Debug|Any CPU = Debug|Any CPU
		Release|Any CPU = Release|Any CPU
	EndGlobalSection
	GlobalSection(ProjectConfigurationPlatforms) = postSolution
		{E82CA505-FB1D-4F48-8F54-936DA7D06D39}.Debug|Any CPU.ActiveCfg = Debug|Any CPU
		{E82CA505-FB1D-4F48-8F54-936DA7D06D39}.Debug|Any CPU.Build.0 = Debug|Any CPU
		{E82CA505-FB1D-4F48-8F54-936DA7D06D39}.Release|Any CPU.ActiveCfg = Release|Any CPU
		{E82CA505-FB1D-4F48-8F54-936DA7D06D39}.Release|Any CPU.Build.0 = Release|Any CPU
	EndGlobalSection
	GlobalSection(SolutionProperties) = preSolution
		HideSolutionNode = FALSE
	EndGlobalSection
	GlobalSection(ExtensibilityGlobals) = postSolution
		SolutionGuid = {9298D4D2-5AAB-4FD7-BCB9-1766EDA5B360}
	EndGlobalSection
EndGlobal
